// !$*UTF8*$!
{
	archiveVersion = 1;
	classes = {
	};
	objectVersion = 50;
	objects = {

/* Begin PBXBuildFile section */
		2720A1BF265ED5F7007804E5 /* AppDelegate.swift in Sources */ = {isa = PBXBuildFile; fileRef = 2720A1BE265ED5F7007804E5 /* AppDelegate.swift */; };
		2720A1C1265ED5F7007804E5 /* SceneDelegate.swift in Sources */ = {isa = PBXBuildFile; fileRef = 2720A1C0265ED5F7007804E5 /* SceneDelegate.swift */; };
		2720A1C3265ED5F7007804E5 /* LoginVC.swift in Sources */ = {isa = PBXBuildFile; fileRef = 2720A1C2265ED5F7007804E5 /* LoginVC.swift */; };
		2720A1C6265ED5F7007804E5 /* Main.storyboard in Resources */ = {isa = PBXBuildFile; fileRef = 2720A1C4265ED5F7007804E5 /* Main.storyboard */; };
		2720A1C8265ED5F9007804E5 /* Assets.xcassets in Resources */ = {isa = PBXBuildFile; fileRef = 2720A1C7265ED5F9007804E5 /* Assets.xcassets */; };
		2720A1CB265ED5F9007804E5 /* LaunchScreen.storyboard in Resources */ = {isa = PBXBuildFile; fileRef = 2720A1C9265ED5F9007804E5 /* LaunchScreen.storyboard */; };
		2733303B2663B9C20049D08A /* MasterPageVC.swift in Sources */ = {isa = PBXBuildFile; fileRef = 2733303A2663B9C20049D08A /* MasterPageVC.swift */; };
		27CF37CC2660183300AB0AD9 /* SingupVC.swift in Sources */ = {isa = PBXBuildFile; fileRef = 27CF37CB2660183300AB0AD9 /* SingupVC.swift */; };
		8A39FE3AEC26D4334D123352 /* Pods_UserLoginScreen.framework in Frameworks */ = {isa = PBXBuildFile; fileRef = 81070800EB8A85760BC95069 /* Pods_UserLoginScreen.framework */; };
/* End PBXBuildFile section */

/* Begin PBXFileReference section */
		2720A1BB265ED5F7007804E5 /* UserLoginScreen.app */ = {isa = PBXFileReference; explicitFileType = wrapper.application; includeInIndex = 0; path = UserLoginScreen.app; sourceTree = BUILT_PRODUCTS_DIR; };
		2720A1BE265ED5F7007804E5 /* AppDelegate.swift */ = {isa = PBXFileReference; lastKnownFileType = sourcecode.swift; path = AppDelegate.swift; sourceTree = "<group>"; };
		2720A1C0265ED5F7007804E5 /* SceneDelegate.swift */ = {isa = PBXFileReference; lastKnownFileType = sourcecode.swift; path = SceneDelegate.swift; sourceTree = "<group>"; };
		2720A1C2265ED5F7007804E5 /* LoginVC.swift */ = {isa = PBXFileReference; lastKnownFileType = sourcecode.swift; path = LoginVC.swift; sourceTree = "<group>"; };
		2720A1C5265ED5F7007804E5 /* Base */ = {isa = PBXFileReference; lastKnownFileType = file.storyboard; name = Base; path = Base.lproj/Main.storyboard; sourceTree = "<group>"; };
		2720A1C7265ED5F9007804E5 /* Assets.xcassets */ = {isa = PBXFileReference; lastKnownFileType = folder.assetcatalog; path = Assets.xcassets; sourceTree = "<group>"; };
		2720A1CA265ED5F9007804E5 /* Base */ = {isa = PBXFileReference; lastKnownFileType = file.storyboard; name = Base; path = Base.lproj/LaunchScreen.storyboard; sourceTree = "<group>"; };
		2720A1CC265ED5F9007804E5 /* Info.plist */ = {isa = PBXFileReference; lastKnownFileType = text.plist.xml; path = Info.plist; sourceTree = "<group>"; };
		2733303A2663B9C20049D08A /* MasterPageVC.swift */ = {isa = PBXFileReference; lastKnownFileType = sourcecode.swift; path = MasterPageVC.swift; sourceTree = "<group>"; };
		27CF37CB2660183300AB0AD9 /* SingupVC.swift */ = {isa = PBXFileReference; lastKnownFileType = sourcecode.swift; path = SingupVC.swift; sourceTree = "<group>"; };
		81070800EB8A85760BC95069 /* Pods_UserLoginScreen.framework */ = {isa = PBXFileReference; explicitFileType = wrapper.framework; includeInIndex = 0; path = Pods_UserLoginScreen.framework; sourceTree = BUILT_PRODUCTS_DIR; };
		BA7CE8AE80BA91F17A458749 /* Pods-UserLoginScreen.debug.xcconfig */ = {isa = PBXFileReference; includeInIndex = 1; lastKnownFileType = text.xcconfig; name = "Pods-UserLoginScreen.debug.xcconfig"; path = "Target Support Files/Pods-UserLoginScreen/Pods-UserLoginScreen.debug.xcconfig"; sourceTree = "<group>"; };
		C37AC2D36A9F9FFC2F1B059B /* Pods-UserLoginScreen.release.xcconfig */ = {isa = PBXFileReference; includeInIndex = 1; lastKnownFileType = text.xcconfig; name = "Pods-UserLoginScreen.release.xcconfig"; path = "Target Support Files/Pods-UserLoginScreen/Pods-UserLoginScreen.release.xcconfig"; sourceTree = "<group>"; };
/* End PBXFileReference section */

/* Begin PBXFrameworksBuildPhase section */
		2720A1B8265ED5F7007804E5 /* Frameworks */ = {
			isa = PBXFrameworksBuildPhase;
			buildActionMask = 2147483647;
			files = (
				8A39FE3AEC26D4334D123352 /* Pods_UserLoginScreen.framework in Frameworks */,
			);
			runOnlyForDeploymentPostprocessing = 0;
		};
/* End PBXFrameworksBuildPhase section */

/* Begin PBXGroup section */
		2720A1B2265ED5F7007804E5 = {
			isa = PBXGroup;
			children = (
				2720A1BD265ED5F7007804E5 /* UserLoginScreen */,
				2720A1BC265ED5F7007804E5 /* Products */,
				703F66768098A49E781EAE8E /* Pods */,
				E3EDC7B9E2797ED587B8A93C /* Frameworks */,
			);
			sourceTree = "<group>";
		};
		2720A1BC265ED5F7007804E5 /* Products */ = {
			isa = PBXGroup;
			children = (
				2720A1BB265ED5F7007804E5 /* UserLoginScreen.app */,
			);
			name = Products;
			sourceTree = "<group>";
		};
		2720A1BD265ED5F7007804E5 /* UserLoginScreen */ = {
			isa = PBXGroup;
			children = (
				2720A1BE265ED5F7007804E5 /* AppDelegate.swift */,
				2720A1C0265ED5F7007804E5 /* SceneDelegate.swift */,
				2720A1C2265ED5F7007804E5 /* LoginVC.swift */,
				27CF37CB2660183300AB0AD9 /* SingupVC.swift */,
				2733303A2663B9C20049D08A /* MasterPageVC.swift */,
				2720A1C4265ED5F7007804E5 /* Main.storyboard */,
				2720A1C7265ED5F9007804E5 /* Assets.xcassets */,
				2720A1C9265ED5F9007804E5 /* LaunchScreen.storyboard */,
				2720A1CC265ED5F9007804E5 /* Info.plist */,
			);
			path = UserLoginScreen;
			sourceTree = "<group>";
		};
		703F66768098A49E781EAE8E /* Pods */ = {
			isa = PBXGroup;
			children = (
				BA7CE8AE80BA91F17A458749 /* Pods-UserLoginScreen.debug.xcconfig */,
				C37AC2D36A9F9FFC2F1B059B /* Pods-UserLoginScreen.release.xcconfig */,
			);
			name = Pods;
			path = Pods;
			sourceTree = "<group>";
		};
		E3EDC7B9E2797ED587B8A93C /* Frameworks */ = {
			isa = PBXGroup;
			children = (
				81070800EB8A85760BC95069 /* Pods_UserLoginScreen.framework */,
			);
			name = Frameworks;
			sourceTree = "<group>";
		};
/* End PBXGroup section */

/* Begin PBXNativeTarget section */
		2720A1BA265ED5F7007804E5 /* UserLoginScreen */ = {
			isa = PBXNativeTarget;
			buildConfigurationList = 2720A1CF265ED5F9007804E5 /* Build configuration list for PBXNativeTarget "UserLoginScreen" */;
			buildPhases = (
				C1286C7740A1FD379B0A8613 /* [CP] Check Pods Manifest.lock */,
				2720A1B7265ED5F7007804E5 /* Sources */,
				2720A1B8265ED5F7007804E5 /* Frameworks */,
				2720A1B9265ED5F7007804E5 /* Resources */,
				683FF0D755B284E17EBCCC7A /* [CP] Embed Pods Frameworks */,
			);
			buildRules = (
			);
			dependencies = (
			);
			name = UserLoginScreen;
			productName = RamazanUserInterface;
			productReference = 2720A1BB265ED5F7007804E5 /* UserLoginScreen.app */;
			productType = "com.apple.product-type.application";
		};
/* End PBXNativeTarget section */

/* Begin PBXProject section */
		2720A1B3265ED5F7007804E5 /* Project object */ = {
			isa = PBXProject;
			attributes = {
				LastSwiftUpdateCheck = 1250;
				LastUpgradeCheck = 1250;
				TargetAttributes = {
					2720A1BA265ED5F7007804E5 = {
						CreatedOnToolsVersion = 12.5;
					};
				};
			};
			buildConfigurationList = 2720A1B6265ED5F7007804E5 /* Build configuration list for PBXProject "UserLoginScreen" */;
			compatibilityVersion = "Xcode 9.3";
			developmentRegion = en;
			hasScannedForEncodings = 0;
			knownRegions = (
				en,
				Base,
			);
			mainGroup = 2720A1B2265ED5F7007804E5;
			productRefGroup = 2720A1BC265ED5F7007804E5 /* Products */;
			projectDirPath = "";
			projectRoot = "";
			targets = (
				2720A1BA265ED5F7007804E5 /* UserLoginScreen */,
			);
		};
/* End PBXProject section */

/* Begin PBXResourcesBuildPhase section */
		2720A1B9265ED5F7007804E5 /* Resources */ = {
			isa = PBXResourcesBuildPhase;
			buildActionMask = 2147483647;
			files = (
				2720A1CB265ED5F9007804E5 /* LaunchScreen.storyboard in Resources */,
				2720A1C8265ED5F9007804E5 /* Assets.xcassets in Resources */,
				2720A1C6265ED5F7007804E5 /* Main.storyboard in Resources */,
			);
			runOnlyForDeploymentPostprocessing = 0;
		};
/* End PBXResourcesBuildPhase section */

/* Begin PBXShellScriptBuildPhase section */
		683FF0D755B284E17EBCCC7A /* [CP] Embed Pods Frameworks */ = {
			isa = PBXShellScriptBuildPhase;
			buildActionMask = 2147483647;
			files = (
			);
			inputFileListPaths = (
				"${PODS_ROOT}/Target Support Files/Pods-UserLoginScreen/Pods-UserLoginScreen-frameworks-${CONFIGURATION}-input-files.xcfilelist",
			);
			name = "[CP] Embed Pods Frameworks";
			outputFileListPaths = (
				"${PODS_ROOT}/Target Support Files/Pods-UserLoginScreen/Pods-UserLoginScreen-frameworks-${CONFIGURATION}-output-files.xcfilelist",
			);
			runOnlyForDeploymentPostprocessing = 0;
			shellPath = /bin/sh;
			shellScript = "\"${PODS_ROOT}/Target Support Files/Pods-UserLoginScreen/Pods-UserLoginScreen-frameworks.sh\"\n";
			showEnvVarsInLog = 0;
		};
		C1286C7740A1FD379B0A8613 /* [CP] Check Pods Manifest.lock */ = {
			isa = PBXShellScriptBuildPhase;
			buildActionMask = 2147483647;
			files = (
			);
			inputFileListPaths = (
			);
			inputPaths = (
				"${PODS_PODFILE_DIR_PATH}/Podfile.lock",
				"${PODS_ROOT}/Manifest.lock",
			);
			name = "[CP] Check Pods Manifest.lock";
			outputFileListPaths = (
			);
			outputPaths = (
				"$(DERIVED_FILE_DIR)/Pods-UserLoginScreen-checkManifestLockResult.txt",
			);
			runOnlyForDeploymentPostprocessing = 0;
			shellPath = /bin/sh;
			shellScript = "diff \"${PODS_PODFILE_DIR_PATH}/Podfile.lock\" \"${PODS_ROOT}/Manifest.lock\" > /dev/null\nif [ $? != 0 ] ; then\n    # print error to STDERR\n    echo \"error: The sandbox is not in sync with the Podfile.lock. Run 'pod install' or update your CocoaPods installation.\" >&2\n    exit 1\nfi\n# This output is used by Xcode 'outputs' to avoid re-running this script phase.\necho \"SUCCESS\" > \"${SCRIPT_OUTPUT_FILE_0}\"\n";
			showEnvVarsInLog = 0;
		};
/* End PBXShellScriptBuildPhase section */

/* Begin PBXSourcesBuildPhase section */
		2720A1B7265ED5F7007804E5 /* Sources */ = {
			isa = PBXSourcesBuildPhase;
			buildActionMask = 2147483647;
			files = (
				27CF37CC2660183300AB0AD9 /* SingupVC.swift in Sources */,
				2720A1C3265ED5F7007804E5 /* LoginVC.swift in Sources */,
				2733303B2663B9C20049D08A /* MasterPageVC.swift in Sources */,
				2720A1BF265ED5F7007804E5 /* AppDelegate.swift in Sources */,
				2720A1C1265ED5F7007804E5 /* SceneDelegate.swift in Sources */,
			);
			runOnlyForDeploymentPostprocessing = 0;
		};
/* End PBXSourcesBuildPhase section */

/* Begin PBXVariantGroup section */
		2720A1C4265ED5F7007804E5 /* Main.storyboard */ = {
			isa = PBXVariantGroup;
			children = (
				2720A1C5265ED5F7007804E5 /* Base */,
			);
			name = Main.storyboard;
			sourceTree = "<group>";
		};
		2720A1C9265ED5F9007804E5 /* LaunchScreen.storyboard */ = {
			isa = PBXVariantGroup;
			children = (
				2720A1CA265ED5F9007804E5 /* Base */,
			);
			name = LaunchScreen.storyboard;
			sourceTree = "<group>";
		};
/* End PBXVariantGroup section */

/* Begin XCBuildConfiguration section */
		2720A1CD265ED5F9007804E5 /* Debug */ = {
			isa = XCBuildConfiguration;
			buildSettings = {
				ALWAYS_SEARCH_USER_PATHS = NO;
				CLANG_ANALYZER_NONNULL = YES;
				CLANG_ANALYZER_NUMBER_OBJECT_CONVERSION = YES_AGGRESSIVE;
				CLANG_CXX_LANGUAGE_STANDARD = "gnu++14";
				CLANG_CXX_LIBRARY = "libc++";
				CLANG_ENABLE_MODULES = YES;
				CLANG_ENABLE_OBJC_ARC = YES;
				CLANG_ENABLE_OBJC_WEAK = YES;
				CLANG_WARN_BLOCK_CAPTURE_AUTORELEASING = YES;
				CLANG_WARN_BOOL_CONVERSION = YES;
				CLANG_WARN_COMMA = YES;
				CLANG_WARN_CONSTANT_CONVERSION = YES;
				CLANG_WARN_DEPRECATED_OBJC_IMPLEMENTATIONS = YES;
				CLANG_WARN_DIRECT_OBJC_ISA_USAGE = YES_ERROR;
				CLANG_WARN_DOCUMENTATION_COMMENTS = YES;
				CLANG_WARN_EMPTY_BODY = YES;
				CLANG_WARN_ENUM_CONVERSION = YES;
				CLANG_WARN_INFINITE_RECURSION = YES;
				CLANG_WARN_INT_CONVERSION = YES;
				CLANG_WARN_NON_LITERAL_NULL_CONVERSION = YES;
				CLANG_WARN_OBJC_IMPLICIT_RETAIN_SELF = YES;
				CLANG_WARN_OBJC_LITERAL_CONVERSION = YES;
				CLANG_WARN_OBJC_ROOT_CLASS = YES_ERROR;
				CLANG_WARN_QUOTED_INCLUDE_IN_FRAMEWORK_HEADER = YES;
				CLANG_WARN_RANGE_LOOP_ANALYSIS = YES;
				CLANG_WARN_STRICT_PROTOTYPES = YES;
				CLANG_WARN_SUSPICIOUS_MOVE = YES;
				CLANG_WARN_UNGUARDED_AVAILABILITY = YES_AGGRESSIVE;
				CLANG_WARN_UNREACHABLE_CODE = YES;
				CLANG_WARN__DUPLICATE_METHOD_MATCH = YES;
				COPY_PHASE_STRIP = NO;
				DEBUG_INFORMATION_FORMAT = dwarf;
				ENABLE_STRICT_OBJC_MSGSEND = YES;
				ENABLE_TESTABILITY = YES;
				GCC_C_LANGUAGE_STANDARD = gnu11;
				GCC_DYNAMIC_NO_PIC = NO;
				GCC_NO_COMMON_BLOCKS = YES;
				GCC_OPTIMIZATION_LEVEL = 0;
				GCC_PREPROCESSOR_DEFINITIONS = (
					"DEBUG=1",
					"$(inherited)",
				);
				GCC_WARN_64_TO_32_BIT_CONVERSION = YES;
				GCC_WARN_ABOUT_RETURN_TYPE = YES_ERROR;
				GCC_WARN_UNDECLARED_SELECTOR = YES;
				GCC_WARN_UNINITIALIZED_AUTOS = YES_AGGRESSIVE;
				GCC_WARN_UNUSED_FUNCTION = YES;
				GCC_WARN_UNUSED_VARIABLE = YES;
				IPHONEOS_DEPLOYMENT_TARGET = 14.5;
				MTL_ENABLE_DEBUG_INFO = INCLUDE_SOURCE;
				MTL_FAST_MATH = YES;
				ONLY_ACTIVE_ARCH = YES;
				SDKROOT = iphoneos;
				SWIFT_ACTIVE_COMPILATION_CONDITIONS = DEBUG;
				SWIFT_OPTIMIZATION_LEVEL = "-Onone";
			};
			name = Debug;
		};
		2720A1CE265ED5F9007804E5 /* Release */ = {
			isa = XCBuildConfiguration;
			buildSettings = {
				ALWAYS_SEARCH_USER_PATHS = NO;
				CLANG_ANALYZER_NONNULL = YES;
				CLANG_ANALYZER_NUMBER_OBJECT_CONVERSION = YES_AGGRESSIVE;
				CLANG_CXX_LANGUAGE_STANDARD = "gnu++14";
				CLANG_CXX_LIBRARY = "libc++";
				CLANG_ENABLE_MODULES = YES;
				CLANG_ENABLE_OBJC_ARC = YES;
				CLANG_ENABLE_OBJC_WEAK = YES;
				CLANG_WARN_BLOCK_CAPTURE_AUTORELEASING = YES;
				CLANG_WARN_BOOL_CONVERSION = YES;
				CLANG_WARN_COMMA = YES;
				CLANG_WARN_CONSTANT_CONVERSION = YES;
				CLANG_WARN_DEPRECATED_OBJC_IMPLEMENTATIONS = YES;
				CLANG_WARN_DIRECT_OBJC_ISA_USAGE = YES_ERROR;
				CLANG_WARN_DOCUMENTATION_COMMENTS = YES;
				CLANG_WARN_EMPTY_BODY = YES;
				CLANG_WARN_ENUM_CONVERSION = YES;
				CLANG_WARN_INFINITE_RECURSION = YES;
				CLANG_WARN_INT_CONVERSION = YES;
				CLANG_WARN_NON_LITERAL_NULL_CONVERSION = YES;
				CLANG_WARN_OBJC_IMPLICIT_RETAIN_SELF = YES;
				CLANG_WARN_OBJC_LITERAL_CONVERSION = YES;
				CLANG_WARN_OBJC_ROOT_CLASS = YES_ERROR;
				CLANG_WARN_QUOTED_INCLUDE_IN_FRAMEWORK_HEADER = YES;
				CLANG_WARN_RANGE_LOOP_ANALYSIS = YES;
				CLANG_WARN_STRICT_PROTOTYPES = YES;
				CLANG_WARN_SUSPICIOUS_MOVE = YES;
				CLANG_WARN_UNGUARDED_AVAILABILITY = YES_AGGRESSIVE;
				CLANG_WARN_UNREACHABLE_CODE = YES;
				CLANG_WARN__DUPLICATE_METHOD_MATCH = YES;
				COPY_PHASE_STRIP = NO;
				DEBUG_INFORMATION_FORMAT = "dwarf-with-dsym";
				ENABLE_NS_ASSERTIONS = NO;
				ENABLE_STRICT_OBJC_MSGSEND = YES;
				GCC_C_LANGUAGE_STANDARD = gnu11;
				GCC_NO_COMMON_BLOCKS = YES;
				GCC_WARN_64_TO_32_BIT_CONVERSION = YES;
				GCC_WARN_ABOUT_RETURN_TYPE = YES_ERROR;
				GCC_WARN_UNDECLARED_SELECTOR = YES;
				GCC_WARN_UNINITIALIZED_AUTOS = YES_AGGRESSIVE;
				GCC_WARN_UNUSED_FUNCTION = YES;
				GCC_WARN_UNUSED_VARIABLE = YES;
				IPHONEOS_DEPLOYMENT_TARGET = 14.5;
				MTL_ENABLE_DEBUG_INFO = NO;
				MTL_FAST_MATH = YES;
				SDKROOT = iphoneos;
				SWIFT_COMPILATION_MODE = wholemodule;
				SWIFT_OPTIMIZATION_LEVEL = "-O";
				VALIDATE_PRODUCT = YES;
			};
			name = Release;
		};
		2720A1D0265ED5F9007804E5 /* Debug */ = {
			isa = XCBuildConfiguration;
			baseConfigurationReference = BA7CE8AE80BA91F17A458749 /* Pods-UserLoginScreen.debug.xcconfig */;
			buildSettings = {
				ASSETCATALOG_COMPILER_APPICON_NAME = AppIcon;
				ASSETCATALOG_COMPILER_GLOBAL_ACCENT_COLOR_NAME = AccentColor;
				CODE_SIGN_STYLE = Automatic;
				DEVELOPMENT_TEAM = MCQ4T5Z63C;
				INFOPLIST_FILE = UserLoginScreen/Info.plist;
				LD_RUNPATH_SEARCH_PATHS = (
					"$(inherited)",
					"@executable_path/Frameworks",
				);
				PRODUCT_BUNDLE_IDENTIFIER = com.muhammedyildirim.UserLoginScreen;
				PRODUCT_NAME = "$(TARGET_NAME)";
				SWIFT_VERSION = 5.0;
				TARGETED_DEVICE_FAMILY = "1,2";
			};
			name = Debug;
		};
		2720A1D1265ED5F9007804E5 /* Release */ = {
			isa = XCBuildConfiguration;
			baseConfigurationReference = C37AC2D36A9F9FFC2F1B059B /* Pods-UserLoginScreen.release.xcconfig */;
			buildSettings = {
				ASSETCATALOG_COMPILER_APPICON_NAME = AppIcon;
				ASSETCATALOG_COMPILER_GLOBAL_ACCENT_COLOR_NAME = AccentColor;
				CODE_SIGN_STYLE = Automatic;
				DEVELOPMENT_TEAM = MCQ4T5Z63C;
				INFOPLIST_FILE = UserLoginScreen/Info.plist;
				LD_RUNPATH_SEARCH_PATHS = (
					"$(inherited)",
					"@executable_path/Frameworks",
				);
				PRODUCT_BUNDLE_IDENTIFIER = com.muhammedyildirim.UserLoginScreen;
				PRODUCT_NAME = "$(TARGET_NAME)";
				SWIFT_VERSION = 5.0;
				TARGETED_DEVICE_FAMILY = "1,2";
			};
			name = Release;
		};
/* End XCBuildConfiguration section */

/* Begin XCConfigurationList section */
		2720A1B6265ED5F7007804E5 /* Build configuration list for PBXProject "UserLoginScreen" */ = {
			isa = XCConfigurationList;
			buildConfigurations = (
				2720A1CD265ED5F9007804E5 /* Debug */,
				2720A1CE265ED5F9007804E5 /* Release */,
			);
			defaultConfigurationIsVisible = 0;
			defaultConfigurationName = Release;
		};
		2720A1CF265ED5F9007804E5 /* Build configuration list for PBXNativeTarget "UserLoginScreen" */ = {
			isa = XCConfigurationList;
			buildConfigurations = (
				2720A1D0265ED5F9007804E5 /* Debug */,
				2720A1D1265ED5F9007804E5 /* Release */,
			);
			defaultConfigurationIsVisible = 0;
			defaultConfigurationName = Release;
		};
/* End XCConfigurationList section */
	};
	rootObject = 2720A1B3265ED5F7007804E5 /* Project object */;
}
